<?xml version="1.0" encoding="utf-8"?>
<Project ToolsVersion="4.0" xmlns="http://schemas.microsoft.com/developer/msbuild/2003">
  <ItemGroup>
    <Filter Include="Source Files">
      <UniqueIdentifier>{4FC737F1-C7A5-4376-A066-2A32D752A2FF}</UniqueIdentifier>
      <Extensions>cpp;c;cc;cxx;def;odl;idl;hpj;bat;asm;asmx</Extensions>
    </Filter>
    <Filter Include="Header Files">
      <UniqueIdentifier>{93995380-89BD-4b04-88EB-625FBE52EBFB}</UniqueIdentifier>
      <Extensions>h;hh;hpp;hxx;hm;inl;inc;xsd</Extensions>
    </Filter>
    <Filter Include="Resource Files">
      <UniqueIdentifier>{67DA6AB6-F800-4c08-8B7A-83BB121AAD01}</UniqueIdentifier>
      <Extensions>rc;ico;cur;bmp;dlg;rc2;rct;bin;rgs;gif;jpg;jpeg;jpe;resx;tiff;tif;png;wav;mfcribbon-ms</Extensions>
    </Filter>
    <Filter Include="Header Files\Components">
      <UniqueIdentifier>{4e0bc998-00d0-4572-93fc-2d126a0fdb44}</UniqueIdentifier>
    </Filter>
    <Filter Include="Source Files\Components">
      <UniqueIdentifier>{810ce1ff-757a-4f39-8477-cdf7f8207555}</UniqueIdentifier>
    </Filter>
    <Filter Include="Source Files\Managers">
      <UniqueIdentifier>{32181ebc-b4f6-4274-ba35-221fe40501e0}</UniqueIdentifier>
    </Filter>
    <Filter Include="Header Files\Managers">
      <UniqueIdentifier>{da73b610-617d-465e-a919-237dfe86d229}</UniqueIdentifier>
    </Filter>
    <Filter Include="Source Files\UI Elements">
      <UniqueIdentifier>{d0b2a796-c7f7-490c-900a-2d344c7e657d}</UniqueIdentifier>
    </Filter>
    <Filter Include="Header Files\UIElements">
      <UniqueIdentifier>{e3f92ba3-1578-4cb7-a6a0-b6371626da60}</UniqueIdentifier>
    </Filter>
    <Filter Include="Header Files\Singletons">
      <UniqueIdentifier>{9461d529-800e-4f41-adfa-03c5479c9e6a}</UniqueIdentifier>
    </Filter>
    <Filter Include="Source Files\Singletons">
      <UniqueIdentifier>{eed85f4b-faed-40fc-bd0d-aa6a52e158a3}</UniqueIdentifier>
    </Filter>
  </ItemGroup>
  <ItemGroup>
    <ClCompile Include="..\src\main.cpp">
      <Filter>Source Files</Filter>
    </ClCompile>
    <ClCompile Include="..\src\Component.cpp">
      <Filter>Source Files\Components</Filter>
    </ClCompile>
    <ClCompile Include="..\src\CPCamera.cpp">
      <Filter>Source Files\Components</Filter>
    </ClCompile>
    <ClCompile Include="..\src\CPControllable.cpp">
      <Filter>Source Files\Components</Filter>
    </ClCompile>
    <ClCompile Include="..\src\CPModel.cpp">
      <Filter>Source Files\Components</Filter>
    </ClCompile>
    <ClCompile Include="..\src\GameObject.cpp">
      <Filter>Source Files</Filter>
    </ClCompile>
    <ClCompile Include="..\src\EventManager.cpp">
      <Filter>Source Files\Managers</Filter>
    </ClCompile>
    <ClCompile Include="..\src\Window.cpp">
      <Filter>Source Files</Filter>
    </ClCompile>
    <ClCompile Include="..\src\UIText.cpp">
      <Filter>Source Files\UI Elements</Filter>
    </ClCompile>
    <ClCompile Include="..\src\FontSingleton.cpp">
      <Filter>Source Files\Singletons</Filter>
    </ClCompile>
  </ItemGroup>
  <ItemGroup>
    <ClInclude Include="..\include\Component.h">
      <Filter>Header Files\Components</Filter>
    </ClInclude>
    <ClInclude Include="..\include\CPCamera.h">
      <Filter>Header Files\Components</Filter>
    </ClInclude>
    <ClInclude Include="..\include\CPControllable.h">
      <Filter>Header Files\Components</Filter>
    </ClInclude>
    <ClInclude Include="..\include\CPModel.h">
      <Filter>Header Files\Components</Filter>
    </ClInclude>
    <ClInclude Include="..\include\EventManager.h">
      <Filter>Header Files\Managers</Filter>
    </ClInclude>
    <ClInclude Include="..\include\GameObject.h">
      <Filter>Header Files</Filter>
    </ClInclude>
    <ClInclude Include="..\include\Window.h">
      <Filter>Header Files</Filter>
    </ClInclude>
    <ClInclude Include="..\include\UIText.h">
      <Filter>Header Files\UIElements</Filter>
    </ClInclude>
    <ClInclude Include="..\include\FontSingleton.h">
      <Filter>Header Files\Singletons</Filter>
    </ClInclude>
  </ItemGroup>
</Project>